
Microsoft Visual Studio Solution File, Format Version 12.00
# Visual Studio Version 16
VisualStudioVersion = 16.0.31205.134
MinimumVisualStudioVersion = 10.0.40219.1
Project("{FAE04EC0-301F-11D3-BF4B-00C04F79EFBC}") = "ExperimentWithControls", "ExperimentWithControls.csproj", "{0FC1C56F-2B92-4768-B250-27B60ED3076E}"
EndProject
Global
	GlobalSection(SolutionConfigurationPlatforms) = preSolution
		Debug|Any CPU = Debug|Any CPU
		Release|Any CPU = Release|Any CPU
	EndGlobalSection
	GlobalSection(ProjectConfigurationPlatforms) = postSolution
		{0FC1C56F-2B92-4768-B250-27B60ED3076E}.Debug|Any CPU.ActiveCfg = Debug|Any CPU
		{0FC1C56F-2B92-4768-B250-27B60ED3076E}.Debug|Any CPU.Build.0 = Debug|Any CPU
		{0FC1C56F-2B92-4768-B250-27B60ED3076E}.Release|Any CPU.ActiveCfg = Release|Any CPU
		{0FC1C56F-2B92-4768-B250-27B60ED3076E}.Release|Any CPU.Build.0 = Release|Any CPU
	EndGlobalSection
	GlobalSection(SolutionProperties) = preSolution
		HideSolutionNode = FALSE
	EndGlobalSection
	GlobalSection(ExtensibilityGlobals) = postSolution
		SolutionGuid = {4D276F17-E89C-4454-8E4E-58F6BADC3D8F}
	EndGlobalSection
EndGlobal
